
Microsoft Visual Studio Solution File, Format Version 12.00
# Visual Studio Version 17
VisualStudioVersion = 17.0.31903.59
MinimumVisualStudioVersion = 10.0.40219.1
Project("{9A19103F-16F7-4668-BE54-9A1E7A4F7556}") = "Music.Tool", "src\Music.Tool\Music.Tool.csproj", "{3C8511D6-7C42-467D-BF1A-60B71D6C6BB1}"
EndProject
Project("{2150E333-8FDC-42A3-9474-1A3956D46DE8}") = "解决方案项", "解决方案项", "{2020CC54-47B1-4D21-9BED-3C0B049B0628}"
	ProjectSection(SolutionItems) = preProject
		music.json = music.json
		README.md = README.md
	EndProjectSection
EndProject
Project("{2150E333-8FDC-42A3-9474-1A3956D46DE8}") = "单元测试", "单元测试", "{188C7409-3E6A-440F-B499-ABE3E86F1BF0}"
EndProject
Project("{FAE04EC0-301F-11D3-BF4B-00C04F79EFBC}") = "Music.Tool.Test", "test\Music.Tool.Test\Music.Tool.Test.csproj", "{746CC9E5-4BC7-4E96-AEEF-8F15EC0E0A26}"
EndProject
Global
	GlobalSection(SolutionConfigurationPlatforms) = preSolution
		Debug|Any CPU = Debug|Any CPU
		Release|Any CPU = Release|Any CPU
	EndGlobalSection
	GlobalSection(ProjectConfigurationPlatforms) = postSolution
		{3C8511D6-7C42-467D-BF1A-60B71D6C6BB1}.Debug|Any CPU.ActiveCfg = Debug|Any CPU
		{3C8511D6-7C42-467D-BF1A-60B71D6C6BB1}.Debug|Any CPU.Build.0 = Debug|Any CPU
		{3C8511D6-7C42-467D-BF1A-60B71D6C6BB1}.Release|Any CPU.ActiveCfg = Release|Any CPU
		{3C8511D6-7C42-467D-BF1A-60B71D6C6BB1}.Release|Any CPU.Build.0 = Release|Any CPU
		{746CC9E5-4BC7-4E96-AEEF-8F15EC0E0A26}.Debug|Any CPU.ActiveCfg = Debug|Any CPU
		{746CC9E5-4BC7-4E96-AEEF-8F15EC0E0A26}.Debug|Any CPU.Build.0 = Debug|Any CPU
		{746CC9E5-4BC7-4E96-AEEF-8F15EC0E0A26}.Release|Any CPU.ActiveCfg = Release|Any CPU
		{746CC9E5-4BC7-4E96-AEEF-8F15EC0E0A26}.Release|Any CPU.Build.0 = Release|Any CPU
	EndGlobalSection
	GlobalSection(SolutionProperties) = preSolution
		HideSolutionNode = FALSE
	EndGlobalSection
	GlobalSection(NestedProjects) = preSolution
		{746CC9E5-4BC7-4E96-AEEF-8F15EC0E0A26} = {188C7409-3E6A-440F-B499-ABE3E86F1BF0}
	EndGlobalSection
	GlobalSection(ExtensibilityGlobals) = postSolution
		SolutionGuid = {952D999F-B1EA-4E63-85BB-304909B40D14}
	EndGlobalSection
EndGlobal
